
Microsoft Visual Studio Solution File, Format Version 12.00
# Visual Studio Version 16
VisualStudioVersion = 16.0.31424.327
MinimumVisualStudioVersion = 10.0.40219.1
Project("{FAE04EC0-301F-11D3-BF4B-00C04F79EFBC}") = "Challenge.PreAcel", "Challenge.PreAcel.csproj", "{16A3BD56-C27B-4E1D-8952-5831D9E3DC68}"
EndProject
Global
	GlobalSection(SolutionConfigurationPlatforms) = preSolution
		Debug|Any CPU = Debug|Any CPU
		Release|Any CPU = Release|Any CPU
	EndGlobalSection
	GlobalSection(ProjectConfigurationPlatforms) = postSolution
		{16A3BD56-C27B-4E1D-8952-5831D9E3DC68}.Debug|Any CPU.ActiveCfg = Debug|Any CPU
		{16A3BD56-C27B-4E1D-8952-5831D9E3DC68}.Debug|Any CPU.Build.0 = Debug|Any CPU
		{16A3BD56-C27B-4E1D-8952-5831D9E3DC68}.Release|Any CPU.ActiveCfg = Release|Any CPU
		{16A3BD56-C27B-4E1D-8952-5831D9E3DC68}.Release|Any CPU.Build.0 = Release|Any CPU
	EndGlobalSection
	GlobalSection(SolutionProperties) = preSolution
		HideSolutionNode = FALSE
	EndGlobalSection
	GlobalSection(ExtensibilityGlobals) = postSolution
		SolutionGuid = {C38869EC-C86B-4E3A-9F44-0C83751B4C05}
	EndGlobalSection
EndGlobal
